// !$*UTF8*$!
{
	archiveVersion = 1;
	classes = {
	};
	objectVersion = 55;
	objects = {

/* Begin PBXBuildFile section */
		9C15D8F0287C5D3D00486F85 /* PrivateInfo.swift in Sources */ = {isa = PBXBuildFile; fileRef = 9C15D8EF287C5D3D00486F85 /* PrivateInfo.swift */; };
		9C15D8F3287C5D5B00486F85 /* API.swift in Sources */ = {isa = PBXBuildFile; fileRef = 9C15D8F2287C5D5B00486F85 /* API.swift */; };
		9CAAC4E7288080FC005B2136 /* UserData.swift in Sources */ = {isa = PBXBuildFile; fileRef = 9CAAC4E6288080FC005B2136 /* UserData.swift */; };
		9CD4F72B28844F4200DDC7FD /* ShadowSet.swift in Sources */ = {isa = PBXBuildFile; fileRef = 9CD4F72A28844F4200DDC7FD /* ShadowSet.swift */; };
		9CD4F72E288458D600DDC7FD /* CityListTableViewCell.swift in Sources */ = {isa = PBXBuildFile; fileRef = 9CD4F72C288458D600DDC7FD /* CityListTableViewCell.swift */; };
		9CD4F732288458EA00DDC7FD /* WeatherListTableViewCell.swift in Sources */ = {isa = PBXBuildFile; fileRef = 9CD4F730288458EA00DDC7FD /* WeatherListTableViewCell.swift */; };
		9CE7E8BB288CF9AD00108CBD /* KeyboardMonitor.swift in Sources */ = {isa = PBXBuildFile; fileRef = 9CE7E8BA288CF9AD00108CBD /* KeyboardMonitor.swift */; };
		BA04205E288932F7004D8834 /* UIColor.swift in Sources */ = {isa = PBXBuildFile; fileRef = BA04205D288932F7004D8834 /* UIColor.swift */; };
		BA0420602889331F004D8834 /* UIView.swift in Sources */ = {isa = PBXBuildFile; fileRef = BA04205F2889331F004D8834 /* UIView.swift */; };
		BA0DCBBF2887E237003C059A /* WeatherRequest.swift in Sources */ = {isa = PBXBuildFile; fileRef = BA0DCBBE2887E237003C059A /* WeatherRequest.swift */; };
		BA0DCBC12887E385003C059A /* WeatherResponse.swift in Sources */ = {isa = PBXBuildFile; fileRef = BA0DCBC02887E385003C059A /* WeatherResponse.swift */; };
		BA21D3AB2887BE8A0073C422 /* GpsRequest.swift in Sources */ = {isa = PBXBuildFile; fileRef = BA21D3AA2887BE8A0073C422 /* GpsRequest.swift */; };
		BA3DBC3B2879B438005BA6F0 /* AppDelegate.swift in Sources */ = {isa = PBXBuildFile; fileRef = BA3DBC3A2879B438005BA6F0 /* AppDelegate.swift */; };
		BA3DBC3D2879B438005BA6F0 /* SceneDelegate.swift in Sources */ = {isa = PBXBuildFile; fileRef = BA3DBC3C2879B438005BA6F0 /* SceneDelegate.swift */; };
		BA3DBC3F2879B438005BA6F0 /* MainViewController.swift in Sources */ = {isa = PBXBuildFile; fileRef = BA3DBC3E2879B438005BA6F0 /* MainViewController.swift */; };
		BA3DBC442879B439005BA6F0 /* Assets.xcassets in Resources */ = {isa = PBXBuildFile; fileRef = BA3DBC432879B439005BA6F0 /* Assets.xcassets */; };
		BA3DBC472879B439005BA6F0 /* LaunchScreen.storyboard in Resources */ = {isa = PBXBuildFile; fileRef = BA3DBC452879B439005BA6F0 /* LaunchScreen.storyboard */; };
		BA3DBC512879B553005BA6F0 /* AddViewController.swift in Sources */ = {isa = PBXBuildFile; fileRef = BA3DBC502879B553005BA6F0 /* AddViewController.swift */; };
		BA3DBC532879B562005BA6F0 /* ListViewController.swift in Sources */ = {isa = PBXBuildFile; fileRef = BA3DBC522879B562005BA6F0 /* ListViewController.swift */; };
		BA3DBC552879BE14005BA6F0 /* CityViewController.swift in Sources */ = {isa = PBXBuildFile; fileRef = BA3DBC542879BE14005BA6F0 /* CityViewController.swift */; };
		BA3DBC582879C2C4005BA6F0 /* Then in Frameworks */ = {isa = PBXBuildFile; productRef = BA3DBC572879C2C4005BA6F0 /* Then */; };
		BA3DBC5B2879C349005BA6F0 /* SnapKit in Frameworks */ = {isa = PBXBuildFile; productRef = BA3DBC5A2879C349005BA6F0 /* SnapKit */; };
		BA3DBC5E2879C36F005BA6F0 /* Alamofire in Frameworks */ = {isa = PBXBuildFile; productRef = BA3DBC5D2879C36F005BA6F0 /* Alamofire */; };
		BA5FC6472887C9CF00A69902 /* GpsResponse.swift in Sources */ = {isa = PBXBuildFile; fileRef = BA5FC6462887C9CF00A69902 /* GpsResponse.swift */; };
		BAA0BE58289258B50044756B /* PhraseModel.swift in Sources */ = {isa = PBXBuildFile; fileRef = BAA0BE57289258B50044756B /* PhraseModel.swift */; };
		BAA0BE5B28926D400044756B /* LocationManager.swift in Sources */ = {isa = PBXBuildFile; fileRef = BAA0BE5A28926D400044756B /* LocationManager.swift */; };
		BAA0BE5D28929DF80044756B /* CoordinateRequest.swift in Sources */ = {isa = PBXBuildFile; fileRef = BAA0BE5C28929DF80044756B /* CoordinateRequest.swift */; };
		BAA0BE5F2892A13A0044756B /* CoordinateResponse.swift in Sources */ = {isa = PBXBuildFile; fileRef = BAA0BE5E2892A13A0044756B /* CoordinateResponse.swift */; };
/* End PBXBuildFile section */

/* Begin PBXFileReference section */
		9C15D8EF287C5D3D00486F85 /* PrivateInfo.swift */ = {isa = PBXFileReference; lastKnownFileType = sourcecode.swift; path = PrivateInfo.swift; sourceTree = "<group>"; };
		9C15D8F2287C5D5B00486F85 /* API.swift */ = {isa = PBXFileReference; lastKnownFileType = sourcecode.swift; path = API.swift; sourceTree = "<group>"; };
		9CAAC4E6288080FC005B2136 /* UserData.swift */ = {isa = PBXFileReference; lastKnownFileType = sourcecode.swift; path = UserData.swift; sourceTree = "<group>"; };
		9CD4F72A28844F4200DDC7FD /* ShadowSet.swift */ = {isa = PBXFileReference; lastKnownFileType = sourcecode.swift; path = ShadowSet.swift; sourceTree = "<group>"; };
		9CD4F72C288458D600DDC7FD /* CityListTableViewCell.swift */ = {isa = PBXFileReference; lastKnownFileType = sourcecode.swift; path = CityListTableViewCell.swift; sourceTree = "<group>"; };
		9CD4F730288458EA00DDC7FD /* WeatherListTableViewCell.swift */ = {isa = PBXFileReference; lastKnownFileType = sourcecode.swift; path = WeatherListTableViewCell.swift; sourceTree = "<group>"; };
		9CE7E8BA288CF9AD00108CBD /* KeyboardMonitor.swift */ = {isa = PBXFileReference; lastKnownFileType = sourcecode.swift; path = KeyboardMonitor.swift; sourceTree = "<group>"; };
		BA04205D288932F7004D8834 /* UIColor.swift */ = {isa = PBXFileReference; lastKnownFileType = sourcecode.swift; path = UIColor.swift; sourceTree = "<group>"; };
		BA04205F2889331F004D8834 /* UIView.swift */ = {isa = PBXFileReference; lastKnownFileType = sourcecode.swift; path = UIView.swift; sourceTree = "<group>"; };
		BA0DCBBE2887E237003C059A /* WeatherRequest.swift */ = {isa = PBXFileReference; lastKnownFileType = sourcecode.swift; path = WeatherRequest.swift; sourceTree = "<group>"; };
		BA0DCBC02887E385003C059A /* WeatherResponse.swift */ = {isa = PBXFileReference; lastKnownFileType = sourcecode.swift; path = WeatherResponse.swift; sourceTree = "<group>"; };
		BA21D3AA2887BE8A0073C422 /* GpsRequest.swift */ = {isa = PBXFileReference; lastKnownFileType = sourcecode.swift; path = GpsRequest.swift; sourceTree = "<group>"; };
		BA3DBC372879B438005BA6F0 /* HygrometerApp.app */ = {isa = PBXFileReference; explicitFileType = wrapper.application; includeInIndex = 0; path = HygrometerApp.app; sourceTree = BUILT_PRODUCTS_DIR; };
		BA3DBC3A2879B438005BA6F0 /* AppDelegate.swift */ = {isa = PBXFileReference; lastKnownFileType = sourcecode.swift; path = AppDelegate.swift; sourceTree = "<group>"; };
		BA3DBC3C2879B438005BA6F0 /* SceneDelegate.swift */ = {isa = PBXFileReference; lastKnownFileType = sourcecode.swift; path = SceneDelegate.swift; sourceTree = "<group>"; };
		BA3DBC3E2879B438005BA6F0 /* MainViewController.swift */ = {isa = PBXFileReference; lastKnownFileType = sourcecode.swift; path = MainViewController.swift; sourceTree = "<group>"; };
		BA3DBC432879B439005BA6F0 /* Assets.xcassets */ = {isa = PBXFileReference; lastKnownFileType = folder.assetcatalog; path = Assets.xcassets; sourceTree = "<group>"; };
		BA3DBC462879B439005BA6F0 /* Base */ = {isa = PBXFileReference; lastKnownFileType = file.storyboard; name = Base; path = Base.lproj/LaunchScreen.storyboard; sourceTree = "<group>"; };
		BA3DBC482879B439005BA6F0 /* Info.plist */ = {isa = PBXFileReference; lastKnownFileType = text.plist.xml; path = Info.plist; sourceTree = "<group>"; };
		BA3DBC502879B553005BA6F0 /* AddViewController.swift */ = {isa = PBXFileReference; lastKnownFileType = sourcecode.swift; path = AddViewController.swift; sourceTree = "<group>"; };
		BA3DBC522879B562005BA6F0 /* ListViewController.swift */ = {isa = PBXFileReference; lastKnownFileType = sourcecode.swift; path = ListViewController.swift; sourceTree = "<group>"; };
		BA3DBC542879BE14005BA6F0 /* CityViewController.swift */ = {isa = PBXFileReference; lastKnownFileType = sourcecode.swift; path = CityViewController.swift; sourceTree = "<group>"; };
		BA5FC6462887C9CF00A69902 /* GpsResponse.swift */ = {isa = PBXFileReference; lastKnownFileType = sourcecode.swift; path = GpsResponse.swift; sourceTree = "<group>"; };
		BAA0BE57289258B50044756B /* PhraseModel.swift */ = {isa = PBXFileReference; lastKnownFileType = sourcecode.swift; path = PhraseModel.swift; sourceTree = "<group>"; };
		BAA0BE5A28926D400044756B /* LocationManager.swift */ = {isa = PBXFileReference; lastKnownFileType = sourcecode.swift; path = LocationManager.swift; sourceTree = "<group>"; };
		BAA0BE5C28929DF80044756B /* CoordinateRequest.swift */ = {isa = PBXFileReference; lastKnownFileType = sourcecode.swift; path = CoordinateRequest.swift; sourceTree = "<group>"; };
		BAA0BE5E2892A13A0044756B /* CoordinateResponse.swift */ = {isa = PBXFileReference; lastKnownFileType = sourcecode.swift; path = CoordinateResponse.swift; sourceTree = "<group>"; };
/* End PBXFileReference section */

/* Begin PBXFrameworksBuildPhase section */
		BA3DBC342879B438005BA6F0 /* Frameworks */ = {
			isa = PBXFrameworksBuildPhase;
			buildActionMask = 2147483647;
			files = (
				BA3DBC5E2879C36F005BA6F0 /* Alamofire in Frameworks */,
				BA3DBC582879C2C4005BA6F0 /* Then in Frameworks */,
				BA3DBC5B2879C349005BA6F0 /* SnapKit in Frameworks */,
			);
			runOnlyForDeploymentPostprocessing = 0;
		};
/* End PBXFrameworksBuildPhase section */

/* Begin PBXGroup section */
		9C15D8F1287C5D4800486F85 /* Network */ = {
			isa = PBXGroup;
			children = (
				9C15D8F2287C5D5B00486F85 /* API.swift */,
				9C15D8EF287C5D3D00486F85 /* PrivateInfo.swift */,
			);
			path = Network;
			sourceTree = "<group>";
		};
		9CD4F734288458F200DDC7FD /* TableViewCells */ = {
			isa = PBXGroup;
			children = (
				9CD4F72C288458D600DDC7FD /* CityListTableViewCell.swift */,
				9CD4F730288458EA00DDC7FD /* WeatherListTableViewCell.swift */,
			);
			path = TableViewCells;
			sourceTree = "<group>";
		};
		BA08A81C288EDF0A00DC326E /* ViewModels */ = {
			isa = PBXGroup;
			children = (
			);
			path = ViewModels;
			sourceTree = "<group>";
		};
		BA21D3AE2887C8C10073C422 /* Models */ = {
			isa = PBXGroup;
			children = (
				BAA0BE5C28929DF80044756B /* CoordinateRequest.swift */,
				BAA0BE5E2892A13A0044756B /* CoordinateResponse.swift */,
				BA21D3AA2887BE8A0073C422 /* GpsRequest.swift */,
				BA5FC6462887C9CF00A69902 /* GpsResponse.swift */,
				BA0DCBBE2887E237003C059A /* WeatherRequest.swift */,
				BA0DCBC02887E385003C059A /* WeatherResponse.swift */,
				9CAAC4E6288080FC005B2136 /* UserData.swift */,
				BAA0BE57289258B50044756B /* PhraseModel.swift */,
			);
			path = Models;
			sourceTree = "<group>";
		};
		BA3DBC2E2879B438005BA6F0 = {
			isa = PBXGroup;
			children = (
				BA3DBC392879B438005BA6F0 /* HygrometerApp */,
				BA3DBC382879B438005BA6F0 /* Products */,
			);
			sourceTree = "<group>";
		};
		BA3DBC382879B438005BA6F0 /* Products */ = {
			isa = PBXGroup;
			children = (
				BA3DBC372879B438005BA6F0 /* HygrometerApp.app */,
			);
			name = Products;
			sourceTree = "<group>";
		};
		BA3DBC392879B438005BA6F0 /* HygrometerApp */ = {
			isa = PBXGroup;
			children = (
				BA3DBC4E2879B4CF005BA6F0 /* Sources */,
				BA3DBC5F2879C392005BA6F0 /* Resources */,
				BA3DBC452879B439005BA6F0 /* LaunchScreen.storyboard */,
				BA3DBC482879B439005BA6F0 /* Info.plist */,
			);
			path = HygrometerApp;
			sourceTree = "<group>";
		};
		BA3DBC4E2879B4CF005BA6F0 /* Sources */ = {
			isa = PBXGroup;
			children = (
				BA3DBC3A2879B438005BA6F0 /* AppDelegate.swift */,
				BA3DBC3C2879B438005BA6F0 /* SceneDelegate.swift */,
				BA666EF3288B0FD500A779BA /* Extensions */,
				BAA0BE5928926D320044756B /* Managers */,
				BA21D3AE2887C8C10073C422 /* Models */,
				BA08A81C288EDF0A00DC326E /* ViewModels */,
				BA3DBC4F2879B4D5005BA6F0 /* ViewControllers */,
			);
			path = Sources;
			sourceTree = "<group>";
		};
		BA3DBC4F2879B4D5005BA6F0 /* ViewControllers */ = {
			isa = PBXGroup;
			children = (
				BA3DBC3E2879B438005BA6F0 /* MainViewController.swift */,
				BA3DBC542879BE14005BA6F0 /* CityViewController.swift */,
				BA3DBC502879B553005BA6F0 /* AddViewController.swift */,
				BA3DBC522879B562005BA6F0 /* ListViewController.swift */,
				9CE7E8BA288CF9AD00108CBD /* KeyboardMonitor.swift */,
				9CD4F734288458F200DDC7FD /* TableViewCells */,
			);
			path = ViewControllers;
			sourceTree = "<group>";
		};
		BA3DBC5F2879C392005BA6F0 /* Resources */ = {
			isa = PBXGroup;
			children = (
				BA3DBC432879B439005BA6F0 /* Assets.xcassets */,
				9C15D8F1287C5D4800486F85 /* Network */,
			);
			path = Resources;
			sourceTree = "<group>";
		};
		BA666EF3288B0FD500A779BA /* Extensions */ = {
			isa = PBXGroup;
			children = (
				9CD4F72A28844F4200DDC7FD /* ShadowSet.swift */,
				BA04205F2889331F004D8834 /* UIView.swift */,
				BA04205D288932F7004D8834 /* UIColor.swift */,
			);
			path = Extensions;
			sourceTree = "<group>";
		};
		BAA0BE5928926D320044756B /* Managers */ = {
			isa = PBXGroup;
			children = (
				BAA0BE5A28926D400044756B /* LocationManager.swift */,
			);
			path = Managers;
			sourceTree = "<group>";
		};
/* End PBXGroup section */

/* Begin PBXNativeTarget section */
		BA3DBC362879B438005BA6F0 /* HygrometerApp */ = {
			isa = PBXNativeTarget;
			buildConfigurationList = BA3DBC4B2879B439005BA6F0 /* Build configuration list for PBXNativeTarget "HygrometerApp" */;
			buildPhases = (
				BA3DBC332879B438005BA6F0 /* Sources */,
				BA3DBC342879B438005BA6F0 /* Frameworks */,
				BA3DBC352879B438005BA6F0 /* Resources */,
			);
			buildRules = (
			);
			dependencies = (
			);
			name = HygrometerApp;
			packageProductDependencies = (
				BA3DBC572879C2C4005BA6F0 /* Then */,
				BA3DBC5A2879C349005BA6F0 /* SnapKit */,
				BA3DBC5D2879C36F005BA6F0 /* Alamofire */,
			);
			productName = HygrometerApp;
			productReference = BA3DBC372879B438005BA6F0 /* HygrometerApp.app */;
			productType = "com.apple.product-type.application";
		};
/* End PBXNativeTarget section */

/* Begin PBXProject section */
		BA3DBC2F2879B438005BA6F0 /* Project object */ = {
			isa = PBXProject;
			attributes = {
				BuildIndependentTargetsInParallel = 1;
				LastSwiftUpdateCheck = 1340;
				LastUpgradeCheck = 1340;
				TargetAttributes = {
					BA3DBC362879B438005BA6F0 = {
						CreatedOnToolsVersion = 13.4.1;
					};
				};
			};
			buildConfigurationList = BA3DBC322879B438005BA6F0 /* Build configuration list for PBXProject "HygrometerApp" */;
			compatibilityVersion = "Xcode 13.0";
			developmentRegion = en;
			hasScannedForEncodings = 0;
			knownRegions = (
				en,
				Base,
			);
			mainGroup = BA3DBC2E2879B438005BA6F0;
			packageReferences = (
				BA3DBC562879C2C4005BA6F0 /* XCRemoteSwiftPackageReference "Then" */,
				BA3DBC592879C349005BA6F0 /* XCRemoteSwiftPackageReference "SnapKit" */,
				BA3DBC5C2879C36F005BA6F0 /* XCRemoteSwiftPackageReference "Alamofire" */,
			);
			productRefGroup = BA3DBC382879B438005BA6F0 /* Products */;
			projectDirPath = "";
			projectRoot = "";
			targets = (
				BA3DBC362879B438005BA6F0 /* HygrometerApp */,
			);
		};
/* End PBXProject section */

/* Begin PBXResourcesBuildPhase section */
		BA3DBC352879B438005BA6F0 /* Resources */ = {
			isa = PBXResourcesBuildPhase;
			buildActionMask = 2147483647;
			files = (
				BA3DBC472879B439005BA6F0 /* LaunchScreen.storyboard in Resources */,
				BA3DBC442879B439005BA6F0 /* Assets.xcassets in Resources */,
			);
			runOnlyForDeploymentPostprocessing = 0;
		};
/* End PBXResourcesBuildPhase section */

/* Begin PBXSourcesBuildPhase section */
		BA3DBC332879B438005BA6F0 /* Sources */ = {
			isa = PBXSourcesBuildPhase;
			buildActionMask = 2147483647;
			files = (
				9CE7E8BB288CF9AD00108CBD /* KeyboardMonitor.swift in Sources */,
				BA3DBC3F2879B438005BA6F0 /* MainViewController.swift in Sources */,
				BA3DBC3B2879B438005BA6F0 /* AppDelegate.swift in Sources */,
				9C15D8F0287C5D3D00486F85 /* PrivateInfo.swift in Sources */,
				BA21D3AB2887BE8A0073C422 /* GpsRequest.swift in Sources */,
				BA3DBC512879B553005BA6F0 /* AddViewController.swift in Sources */,
				BA5FC6472887C9CF00A69902 /* GpsResponse.swift in Sources */,
				BA04205E288932F7004D8834 /* UIColor.swift in Sources */,
				9CAAC4E7288080FC005B2136 /* UserData.swift in Sources */,
				BAA0BE58289258B50044756B /* PhraseModel.swift in Sources */,
				BA3DBC532879B562005BA6F0 /* ListViewController.swift in Sources */,
				BA0DCBC12887E385003C059A /* WeatherResponse.swift in Sources */,
				BA0DCBBF2887E237003C059A /* WeatherRequest.swift in Sources */,
				BAA0BE5B28926D400044756B /* LocationManager.swift in Sources */,
				BA3DBC552879BE14005BA6F0 /* CityViewController.swift in Sources */,
				9CD4F72B28844F4200DDC7FD /* ShadowSet.swift in Sources */,
				9C15D8F3287C5D5B00486F85 /* API.swift in Sources */,
				9CD4F72E288458D600DDC7FD /* CityListTableViewCell.swift in Sources */,
				BA3DBC3D2879B438005BA6F0 /* SceneDelegate.swift in Sources */,
				BAA0BE5D28929DF80044756B /* CoordinateRequest.swift in Sources */,
				BAA0BE5F2892A13A0044756B /* CoordinateResponse.swift in Sources */,
				BA0420602889331F004D8834 /* UIView.swift in Sources */,
				9CD4F732288458EA00DDC7FD /* WeatherListTableViewCell.swift in Sources */,
			);
			runOnlyForDeploymentPostprocessing = 0;
		};
/* End PBXSourcesBuildPhase section */

/* Begin PBXVariantGroup section */
		BA3DBC452879B439005BA6F0 /* LaunchScreen.storyboard */ = {
			isa = PBXVariantGroup;
			children = (
				BA3DBC462879B439005BA6F0 /* Base */,
			);
			name = LaunchScreen.storyboard;
			sourceTree = "<group>";
		};
/* End PBXVariantGroup section */

/* Begin XCBuildConfiguration section */
		BA3DBC492879B439005BA6F0 /* Debug */ = {
			isa = XCBuildConfiguration;
			buildSettings = {
				ALWAYS_SEARCH_USER_PATHS = NO;
				CLANG_ANALYZER_NONNULL = YES;
				CLANG_ANALYZER_NUMBER_OBJECT_CONVERSION = YES_AGGRESSIVE;
				CLANG_CXX_LANGUAGE_STANDARD = "gnu++17";
				CLANG_ENABLE_MODULES = YES;
				CLANG_ENABLE_OBJC_ARC = YES;
				CLANG_ENABLE_OBJC_WEAK = YES;
				CLANG_WARN_BLOCK_CAPTURE_AUTORELEASING = YES;
				CLANG_WARN_BOOL_CONVERSION = YES;
				CLANG_WARN_COMMA = YES;
				CLANG_WARN_CONSTANT_CONVERSION = YES;
				CLANG_WARN_DEPRECATED_OBJC_IMPLEMENTATIONS = YES;
				CLANG_WARN_DIRECT_OBJC_ISA_USAGE = YES_ERROR;
				CLANG_WARN_DOCUMENTATION_COMMENTS = YES;
				CLANG_WARN_EMPTY_BODY = YES;
				CLANG_WARN_ENUM_CONVERSION = YES;
				CLANG_WARN_INFINITE_RECURSION = YES;
				CLANG_WARN_INT_CONVERSION = YES;
				CLANG_WARN_NON_LITERAL_NULL_CONVERSION = YES;
				CLANG_WARN_OBJC_IMPLICIT_RETAIN_SELF = YES;
				CLANG_WARN_OBJC_LITERAL_CONVERSION = YES;
				CLANG_WARN_OBJC_ROOT_CLASS = YES_ERROR;
				CLANG_WARN_QUOTED_INCLUDE_IN_FRAMEWORK_HEADER = YES;
				CLANG_WARN_RANGE_LOOP_ANALYSIS = YES;
				CLANG_WARN_STRICT_PROTOTYPES = YES;
				CLANG_WARN_SUSPICIOUS_MOVE = YES;
				CLANG_WARN_UNGUARDED_AVAILABILITY = YES_AGGRESSIVE;
				CLANG_WARN_UNREACHABLE_CODE = YES;
				CLANG_WARN__DUPLICATE_METHOD_MATCH = YES;
				COPY_PHASE_STRIP = NO;
				DEBUG_INFORMATION_FORMAT = dwarf;
				ENABLE_STRICT_OBJC_MSGSEND = YES;
				ENABLE_TESTABILITY = YES;
				GCC_C_LANGUAGE_STANDARD = gnu11;
				GCC_DYNAMIC_NO_PIC = NO;
				GCC_NO_COMMON_BLOCKS = YES;
				GCC_OPTIMIZATION_LEVEL = 0;
				GCC_PREPROCESSOR_DEFINITIONS = (
					"DEBUG=1",
					"$(inherited)",
				);
				GCC_WARN_64_TO_32_BIT_CONVERSION = YES;
				GCC_WARN_ABOUT_RETURN_TYPE = YES_ERROR;
				GCC_WARN_UNDECLARED_SELECTOR = YES;
				GCC_WARN_UNINITIALIZED_AUTOS = YES_AGGRESSIVE;
				GCC_WARN_UNUSED_FUNCTION = YES;
				GCC_WARN_UNUSED_VARIABLE = YES;
				IPHONEOS_DEPLOYMENT_TARGET = 15.2;
				MTL_ENABLE_DEBUG_INFO = INCLUDE_SOURCE;
				MTL_FAST_MATH = YES;
				ONLY_ACTIVE_ARCH = YES;
				SDKROOT = iphoneos;
				SWIFT_ACTIVE_COMPILATION_CONDITIONS = DEBUG;
				SWIFT_OPTIMIZATION_LEVEL = "-Onone";
			};
			name = Debug;
		};
		BA3DBC4A2879B439005BA6F0 /* Release */ = {
			isa = XCBuildConfiguration;
			buildSettings = {
				ALWAYS_SEARCH_USER_PATHS = NO;
				CLANG_ANALYZER_NONNULL = YES;
				CLANG_ANALYZER_NUMBER_OBJECT_CONVERSION = YES_AGGRESSIVE;
				CLANG_CXX_LANGUAGE_STANDARD = "gnu++17";
				CLANG_ENABLE_MODULES = YES;
				CLANG_ENABLE_OBJC_ARC = YES;
				CLANG_ENABLE_OBJC_WEAK = YES;
				CLANG_WARN_BLOCK_CAPTURE_AUTORELEASING = YES;
				CLANG_WARN_BOOL_CONVERSION = YES;
				CLANG_WARN_COMMA = YES;
				CLANG_WARN_CONSTANT_CONVERSION = YES;
				CLANG_WARN_DEPRECATED_OBJC_IMPLEMENTATIONS = YES;
				CLANG_WARN_DIRECT_OBJC_ISA_USAGE = YES_ERROR;
				CLANG_WARN_DOCUMENTATION_COMMENTS = YES;
				CLANG_WARN_EMPTY_BODY = YES;
				CLANG_WARN_ENUM_CONVERSION = YES;
				CLANG_WARN_INFINITE_RECURSION = YES;
				CLANG_WARN_INT_CONVERSION = YES;
				CLANG_WARN_NON_LITERAL_NULL_CONVERSION = YES;
				CLANG_WARN_OBJC_IMPLICIT_RETAIN_SELF = YES;
				CLANG_WARN_OBJC_LITERAL_CONVERSION = YES;
				CLANG_WARN_OBJC_ROOT_CLASS = YES_ERROR;
				CLANG_WARN_QUOTED_INCLUDE_IN_FRAMEWORK_HEADER = YES;
				CLANG_WARN_RANGE_LOOP_ANALYSIS = YES;
				CLANG_WARN_STRICT_PROTOTYPES = YES;
				CLANG_WARN_SUSPICIOUS_MOVE = YES;
				CLANG_WARN_UNGUARDED_AVAILABILITY = YES_AGGRESSIVE;
				CLANG_WARN_UNREACHABLE_CODE = YES;
				CLANG_WARN__DUPLICATE_METHOD_MATCH = YES;
				COPY_PHASE_STRIP = NO;
				DEBUG_INFORMATION_FORMAT = "dwarf-with-dsym";
				ENABLE_NS_ASSERTIONS = NO;
				ENABLE_STRICT_OBJC_MSGSEND = YES;
				GCC_C_LANGUAGE_STANDARD = gnu11;
				GCC_NO_COMMON_BLOCKS = YES;
				GCC_WARN_64_TO_32_BIT_CONVERSION = YES;
				GCC_WARN_ABOUT_RETURN_TYPE = YES_ERROR;
				GCC_WARN_UNDECLARED_SELECTOR = YES;
				GCC_WARN_UNINITIALIZED_AUTOS = YES_AGGRESSIVE;
				GCC_WARN_UNUSED_FUNCTION = YES;
				GCC_WARN_UNUSED_VARIABLE = YES;
				IPHONEOS_DEPLOYMENT_TARGET = 15.2;
				MTL_ENABLE_DEBUG_INFO = NO;
				MTL_FAST_MATH = YES;
				SDKROOT = iphoneos;
				SWIFT_COMPILATION_MODE = wholemodule;
				SWIFT_OPTIMIZATION_LEVEL = "-O";
				VALIDATE_PRODUCT = YES;
			};
			name = Release;
		};
		BA3DBC4C2879B439005BA6F0 /* Debug */ = {
			isa = XCBuildConfiguration;
			buildSettings = {
				ASSETCATALOG_COMPILER_APPICON_NAME = AppIcon;
				ASSETCATALOG_COMPILER_GLOBAL_ACCENT_COLOR_NAME = AccentColor;
				CODE_SIGN_IDENTITY = "Apple Development";
				CODE_SIGN_STYLE = Automatic;
				CURRENT_PROJECT_VERSION = 1;
				DEVELOPMENT_TEAM = U8ZWF5U9ZA;
				GENERATE_INFOPLIST_FILE = YES;
				INFOPLIST_FILE = HygrometerApp/Info.plist;
				INFOPLIST_KEY_UIApplicationSupportsIndirectInputEvents = YES;
				INFOPLIST_KEY_UILaunchStoryboardName = LaunchScreen;
				INFOPLIST_KEY_UISupportedInterfaceOrientations_iPad = "UIInterfaceOrientationPortrait UIInterfaceOrientationPortraitUpsideDown UIInterfaceOrientationLandscapeLeft UIInterfaceOrientationLandscapeRight";
				INFOPLIST_KEY_UISupportedInterfaceOrientations_iPhone = "UIInterfaceOrientationPortrait UIInterfaceOrientationLandscapeLeft UIInterfaceOrientationLandscapeRight";
				LD_RUNPATH_SEARCH_PATHS = (
					"$(inherited)",
					"@executable_path/Frameworks",
				);
				MARKETING_VERSION = 1.0;
				PRODUCT_BUNDLE_IDENTIFIER = com.ppak.HygrometerApp;
				PRODUCT_NAME = "$(TARGET_NAME)";
				PROVISIONING_PROFILE_SPECIFIER = "";
				SWIFT_EMIT_LOC_STRINGS = YES;
				SWIFT_VERSION = 5.0;
				TARGETED_DEVICE_FAMILY = "1,2";
			};
			name = Debug;
		};
		BA3DBC4D2879B439005BA6F0 /* Release */ = {
			isa = XCBuildConfiguration;
			buildSettings = {
				ASSETCATALOG_COMPILER_APPICON_NAME = AppIcon;
				ASSETCATALOG_COMPILER_GLOBAL_ACCENT_COLOR_NAME = AccentColor;
				CODE_SIGN_IDENTITY = "Apple Development";
				CODE_SIGN_STYLE = Automatic;
				CURRENT_PROJECT_VERSION = 1;
				DEVELOPMENT_TEAM = U8ZWF5U9ZA;
				GENERATE_INFOPLIST_FILE = YES;
				INFOPLIST_FILE = HygrometerApp/Info.plist;
				INFOPLIST_KEY_UIApplicationSupportsIndirectInputEvents = YES;
				INFOPLIST_KEY_UILaunchStoryboardName = LaunchScreen;
				INFOPLIST_KEY_UISupportedInterfaceOrientations_iPad = "UIInterfaceOrientationPortrait UIInterfaceOrientationPortraitUpsideDown UIInterfaceOrientationLandscapeLeft UIInterfaceOrientationLandscapeRight";
				INFOPLIST_KEY_UISupportedInterfaceOrientations_iPhone = "UIInterfaceOrientationPortrait UIInterfaceOrientationLandscapeLeft UIInterfaceOrientationLandscapeRight";
				LD_RUNPATH_SEARCH_PATHS = (
					"$(inherited)",
					"@executable_path/Frameworks",
				);
				MARKETING_VERSION = 1.0;
				PRODUCT_BUNDLE_IDENTIFIER = com.ppak.HygrometerApp;
				PRODUCT_NAME = "$(TARGET_NAME)";
				PROVISIONING_PROFILE_SPECIFIER = "";
				SWIFT_EMIT_LOC_STRINGS = YES;
				SWIFT_VERSION = 5.0;
				TARGETED_DEVICE_FAMILY = "1,2";
			};
			name = Release;
		};
/* End XCBuildConfiguration section */

/* Begin XCConfigurationList section */
		BA3DBC322879B438005BA6F0 /* Build configuration list for PBXProject "HygrometerApp" */ = {
			isa = XCConfigurationList;
			buildConfigurations = (
				BA3DBC492879B439005BA6F0 /* Debug */,
				BA3DBC4A2879B439005BA6F0 /* Release */,
			);
			defaultConfigurationIsVisible = 0;
			defaultConfigurationName = Release;
		};
		BA3DBC4B2879B439005BA6F0 /* Build configuration list for PBXNativeTarget "HygrometerApp" */ = {
			isa = XCConfigurationList;
			buildConfigurations = (
				BA3DBC4C2879B439005BA6F0 /* Debug */,
				BA3DBC4D2879B439005BA6F0 /* Release */,
			);
			defaultConfigurationIsVisible = 0;
			defaultConfigurationName = Release;
		};
/* End XCConfigurationList section */

/* Begin XCRemoteSwiftPackageReference section */
		BA3DBC562879C2C4005BA6F0 /* XCRemoteSwiftPackageReference "Then" */ = {
			isa = XCRemoteSwiftPackageReference;
			repositoryURL = "https://github.com/devxoul/Then.git";
			requirement = {
				branch = master;
				kind = branch;
			};
		};
		BA3DBC592879C349005BA6F0 /* XCRemoteSwiftPackageReference "SnapKit" */ = {
			isa = XCRemoteSwiftPackageReference;
			repositoryURL = "https://github.com/SnapKit/SnapKit.git";
			requirement = {
				branch = develop;
				kind = branch;
			};
		};
		BA3DBC5C2879C36F005BA6F0 /* XCRemoteSwiftPackageReference "Alamofire" */ = {
			isa = XCRemoteSwiftPackageReference;
			repositoryURL = "https://github.com/Alamofire/Alamofire";
			requirement = {
				branch = master;
				kind = branch;
			};
		};
/* End XCRemoteSwiftPackageReference section */

/* Begin XCSwiftPackageProductDependency section */
		BA3DBC572879C2C4005BA6F0 /* Then */ = {
			isa = XCSwiftPackageProductDependency;
			package = BA3DBC562879C2C4005BA6F0 /* XCRemoteSwiftPackageReference "Then" */;
			productName = Then;
		};
		BA3DBC5A2879C349005BA6F0 /* SnapKit */ = {
			isa = XCSwiftPackageProductDependency;
			package = BA3DBC592879C349005BA6F0 /* XCRemoteSwiftPackageReference "SnapKit" */;
			productName = SnapKit;
		};
		BA3DBC5D2879C36F005BA6F0 /* Alamofire */ = {
			isa = XCSwiftPackageProductDependency;
			package = BA3DBC5C2879C36F005BA6F0 /* XCRemoteSwiftPackageReference "Alamofire" */;
			productName = Alamofire;
		};
/* End XCSwiftPackageProductDependency section */
	};
	rootObject = BA3DBC2F2879B438005BA6F0 /* Project object */;
}
